
Microsoft Visual Studio Solution File, Format Version 12.00
# Visual Studio Version 16
VisualStudioVersion = 16.0.30413.136
MinimumVisualStudioVersion = 10.0.40219.1
Project("{FAE04EC0-301F-11D3-BF4B-00C04F79EFBC}") = "Renderer", "Renderer.csproj", "{FF0ED46F-8EAC-43AA-9074-BE5A7130C78C}"
EndProject
Global
	GlobalSection(SolutionConfigurationPlatforms) = preSolution
		Debug|Any CPU = Debug|Any CPU
		Release|Any CPU = Release|Any CPU
	EndGlobalSection
	GlobalSection(ProjectConfigurationPlatforms) = postSolution
		{FF0ED46F-8EAC-43AA-9074-BE5A7130C78C}.Debug|Any CPU.ActiveCfg = Debug|Any CPU
		{FF0ED46F-8EAC-43AA-9074-BE5A7130C78C}.Debug|Any CPU.Build.0 = Debug|Any CPU
		{FF0ED46F-8EAC-43AA-9074-BE5A7130C78C}.Release|Any CPU.ActiveCfg = Release|Any CPU
		{FF0ED46F-8EAC-43AA-9074-BE5A7130C78C}.Release|Any CPU.Build.0 = Release|Any CPU
	EndGlobalSection
	GlobalSection(SolutionProperties) = preSolution
		HideSolutionNode = FALSE
	EndGlobalSection
	GlobalSection(ExtensibilityGlobals) = postSolution
		SolutionGuid = {45CBFAA9-92EC-4F82-8BBC-5F8FE127128D}
	EndGlobalSection
EndGlobal
